
Microsoft Visual Studio Solution File, Format Version 12.00
# Visual Studio Version 17
VisualStudioVersion = 17.11.35327.3
MinimumVisualStudioVersion = 10.0.40219.1
Project("{8BC9CEB8-8B4A-11D0-8D11-00A0C91BC942}") = "SW_Task2", "SW_Task2\SW_Task2.vcxproj", "{190F3D9F-B770-4F03-8237-1DF6591BA034}"
EndProject
Global
	GlobalSection(SolutionConfigurationPlatforms) = preSolution
		Debug|x64 = Debug|x64
		Debug|x86 = Debug|x86
		Release|x64 = Release|x64
		Release|x86 = Release|x86
	EndGlobalSection
	GlobalSection(ProjectConfigurationPlatforms) = postSolution
		{190F3D9F-B770-4F03-8237-1DF6591BA034}.Debug|x64.ActiveCfg = Debug|x64
		{190F3D9F-B770-4F03-8237-1DF6591BA034}.Debug|x64.Build.0 = Debug|x64
		{190F3D9F-B770-4F03-8237-1DF6591BA034}.Debug|x86.ActiveCfg = Debug|Win32
		{190F3D9F-B770-4F03-8237-1DF6591BA034}.Debug|x86.Build.0 = Debug|Win32
		{190F3D9F-B770-4F03-8237-1DF6591BA034}.Release|x64.ActiveCfg = Release|x64
		{190F3D9F-B770-4F03-8237-1DF6591BA034}.Release|x64.Build.0 = Release|x64
		{190F3D9F-B770-4F03-8237-1DF6591BA034}.Release|x86.ActiveCfg = Release|Win32
		{190F3D9F-B770-4F03-8237-1DF6591BA034}.Release|x86.Build.0 = Release|Win32
	EndGlobalSection
	GlobalSection(SolutionProperties) = preSolution
		HideSolutionNode = FALSE
	EndGlobalSection
	GlobalSection(ExtensibilityGlobals) = postSolution
		SolutionGuid = {160026AC-5648-4B87-95A6-C3C362D90503}
	EndGlobalSection
EndGlobal
